
Microsoft Visual Studio Solution File, Format Version 12.00
# Visual Studio 2013
VisualStudioVersion = 12.0.31101.0
MinimumVisualStudioVersion = 10.0.40219.1
Project("{FAE04EC0-301F-11D3-BF4B-00C04F79EFBC}") = "CopyExistingBlobsIntoAsset", "CopyExistingBlobsIntoAsset\CopyExistingBlobsIntoAsset.csproj", "{7423B692-6750-424D-AF74-731F361EB8AD}"
EndProject
Project("{2150E333-8FDC-42A3-9474-1A3956D46DE8}") = ".nuget", ".nuget", "{B346650E-7CCC-4D49-B223-2A83CBC9D657}"
	ProjectSection(SolutionItems) = preProject
		.nuget\NuGet.Config = .nuget\NuGet.Config
		.nuget\NuGet.exe = .nuget\NuGet.exe
		.nuget\NuGet.targets = .nuget\NuGet.targets
	EndProjectSection
EndProject
Global
	GlobalSection(SolutionConfigurationPlatforms) = preSolution
		Debug|Any CPU = Debug|Any CPU
		Release|Any CPU = Release|Any CPU
	EndGlobalSection
	GlobalSection(ProjectConfigurationPlatforms) = postSolution
		{7423B692-6750-424D-AF74-731F361EB8AD}.Debug|Any CPU.ActiveCfg = Debug|Any CPU
		{7423B692-6750-424D-AF74-731F361EB8AD}.Debug|Any CPU.Build.0 = Debug|Any CPU
		{7423B692-6750-424D-AF74-731F361EB8AD}.Release|Any CPU.ActiveCfg = Release|Any CPU
		{7423B692-6750-424D-AF74-731F361EB8AD}.Release|Any CPU.Build.0 = Release|Any CPU
	EndGlobalSection
	GlobalSection(SolutionProperties) = preSolution
		HideSolutionNode = FALSE
	EndGlobalSection
	GlobalSection(ExtensibilityGlobals) = postSolution
		EnterpriseLibraryConfigurationToolBinariesPath = packages\TransientFaultHandling.Core.5.1.1209.1\lib\NET4
	EndGlobalSection
EndGlobal
